{
  "name": "vale-block-size-repro",
  "version": "1.0.0",
  "lockfileVersion": 3,
  "requires": true,
  "packages": {
    "": {
      "name": "vale-block-size-repro",
      "version": "1.0.0",
      "engines": {
        "node": ">=20"
      },
      "optionalDependencies": {
        "@taskless/vale-darwin-arm64": "3.20.0-20260907164938",
        "@taskless/vale-darwin-x64": "3.20.0-20260907164938",
        "@taskless/vale-linux-arm64": "3.20.0-20260907164938",
        "@taskless/vale-linux-x64": "3.20.0-20260907164938",
        "@taskless/vale-win32-arm64": "3.20.0-20260907164938",
        "@taskless/vale-win32-x64": "3.20.0-20260907164938"
      }
    },
    "node_modules/@taskless/vale-darwin-arm64": {
      "version": "3.20.0-20260907164938",
      "resolved": "https://registry.npmjs.org/@taskless/vale-darwin-arm64/-/vale-darwin-arm64-3.20.0-20260907164938.tgz",
      "integrity": "sha512-xq+RmlsgHCG//TSXwZLOgcsmvJGBqI6tsjqSMkdJ52gSR2lO7u+jcscfJUN2R28Yhjqv0ZM9/t3K1T987Lu+Ug==",
      "cpu": [
        "arm64"
      ],
      "license": "MIT",
      "optional": true,
      "os": [
        "darwin"
      ]
    },
    "node_modules/@taskless/vale-darwin-x64": {
      "version": "3.20.0-20260907164938",
      "resolved": "https://registry.npmjs.org/@taskless/vale-darwin-x64/-/vale-darwin-x64-3.20.0-20260907164938.tgz",
      "integrity": "sha512-Zz2SjbkVQ6/KB2XmWU2J5qx6i5uROH3L84u8HDl1c1FsM8UzFjwdSiiivHbQpGzN/EUD4HNBOmzzzuQqxSsXfw==",
      "cpu": [
        "x64"
      ],
      "license": "MIT",
      "optional": true,
      "os": [
        "darwin"
      ]
    },
    "node_modules/@taskless/vale-linux-arm64": {
      "version": "3.20.0-20260907164938",
      "resolved": "https://registry.npmjs.org/@taskless/vale-linux-arm64/-/vale-linux-arm64-3.20.0-20260907164938.tgz",
      "integrity": "sha512-VNff5AoLPcQ0hhQJPzuZErwFeBe/QyQiUB5oZo6HShvnmjwp5GKUf85hf2b3md1hmUuP7WrBcRld1edQ4DWx+Q==",
      "cpu": [
        "arm64"
      ],
      "license": "MIT",
      "optional": true,
      "os": [
        "linux"
      ]
    },
    "node_modules/@taskless/vale-linux-x64": {
      "version": "3.20.0-20260907164938",
      "resolved": "https://registry.npmjs.org/@taskless/vale-linux-x64/-/vale-linux-x64-3.20.0-20260907164938.tgz",
      "integrity": "sha512-Tt/FqNYqgX8P0KtkmukqxJqUrtHlrnONPB+rJHiCNp6KzyNNnTI3doU8tzw/jtTZ3Tl8zCFSjSU7cLuwnowFAw==",
      "cpu": [
        "x64"
      ],
      "license": "MIT",
      "optional": true,
      "os": [
        "linux"
      ]
    },
    "node_modules/@taskless/vale-win32-arm64": {
      "version": "3.20.0-20260907164938",
      "resolved": "https://registry.npmjs.org/@taskless/vale-win32-arm64/-/vale-win32-arm64-3.20.0-20260907164938.tgz",
      "integrity": "sha512-DDj7sh18fjiwndoxCmD4DAwrFp6TZD7wNvGt67DvB+7oJpJIVvAtCQROXVR9jXhWoutIKuthb240pMWw1/oHAg==",
      "cpu": [
        "arm64"
      ],
      "license": "MIT",
      "optional": true,
      "os": [
        "win32"
      ]
    },
    "node_modules/@taskless/vale-win32-x64": {
      "version": "3.20.0-20260907164938",
      "resolved": "https://registry.npmjs.org/@taskless/vale-win32-x64/-/vale-win32-x64-3.20.0-20260907164938.tgz",
      "integrity": "sha512-ZaH12oV2R6zxW4nkFrmlS1W51RA1FLKv9VbuLTIm5UrRFEFXL9UHLO0BYLQCqu+vmT1eVU/V1WZBQTPizAg4Ow==",
      "cpu": [
        "x64"
      ],
      "license": "MIT",
      "optional": true,
      "os": [
        "win32"
      ]
    }
  }
}
