{
  "name": "vale-block-size-repro",
  "version": "1.0.0",
  "lockfileVersion": 3,
  "requires": true,
  "packages": {
    "": {
      "name": "vale-block-size-repro",
      "version": "1.0.0",
      "engines": {
        "node": ">=20"
      },
      "optionalDependencies": {
        "@taskless/vale-darwin-arm64": "3.21.0-20260915061224",
        "@taskless/vale-darwin-x64": "3.21.0-20260915061224",
        "@taskless/vale-linux-arm64": "3.21.0-20260915061224",
        "@taskless/vale-linux-x64": "3.21.0-20260915061224",
        "@taskless/vale-win32-arm64": "3.21.0-20260915061224",
        "@taskless/vale-win32-x64": "3.21.0-20260915061224"
      }
    },
    "node_modules/@taskless/vale-darwin-arm64": {
      "version": "3.21.0-20260915061224",
      "resolved": "https://registry.npmjs.org/@taskless/vale-darwin-arm64/-/vale-darwin-arm64-3.21.0-20260915061224.tgz",
      "integrity": "sha512-HNatxojTyY5HW5n9/hJm7lWTB7QrgLNb5MvkwVpFKCtjWta6ztToq+kOSWxn3I/QJRnhRC0wGdwSDsRLCdBKAw==",
      "cpu": [
        "arm64"
      ],
      "license": "MIT",
      "optional": true,
      "os": [
        "darwin"
      ]
    },
    "node_modules/@taskless/vale-darwin-x64": {
      "version": "3.21.0-20260915061224",
      "resolved": "https://registry.npmjs.org/@taskless/vale-darwin-x64/-/vale-darwin-x64-3.21.0-20260915061224.tgz",
      "integrity": "sha512-1ht+pCb6+tukCQLtB9gMR7J08pJJ528B71BpaHzukEq1CgLvMUE/mVDoAYKbRIYfdVNCNXQ1yp9T4t0t7RTeag==",
      "cpu": [
        "x64"
      ],
      "license": "MIT",
      "optional": true,
      "os": [
        "darwin"
      ]
    },
    "node_modules/@taskless/vale-linux-arm64": {
      "version": "3.21.0-20260915061224",
      "resolved": "https://registry.npmjs.org/@taskless/vale-linux-arm64/-/vale-linux-arm64-3.21.0-20260915061224.tgz",
      "integrity": "sha512-ZlhwgeVZw+uhVLSq7mMlJv7sXSVdJdocrzpZYVC7Wbzu4MFernSEfga40bWrPrxVMEE+THiBpY0k+GSloYyEZg==",
      "cpu": [
        "arm64"
      ],
      "license": "MIT",
      "optional": true,
      "os": [
        "linux"
      ]
    },
    "node_modules/@taskless/vale-linux-x64": {
      "version": "3.21.0-20260915061224",
      "resolved": "https://registry.npmjs.org/@taskless/vale-linux-x64/-/vale-linux-x64-3.21.0-20260915061224.tgz",
      "integrity": "sha512-OHJvKCZKHWmB1DAlivAlFAemgHR1Z4WFCGmlr25LFf/IGjCUd8Oyl/+4PG5cpUpkiNq//IjmSZYIaCZvHAdrew==",
      "cpu": [
        "x64"
      ],
      "license": "MIT",
      "optional": true,
      "os": [
        "linux"
      ]
    },
    "node_modules/@taskless/vale-win32-arm64": {
      "version": "3.21.0-20260915061224",
      "resolved": "https://registry.npmjs.org/@taskless/vale-win32-arm64/-/vale-win32-arm64-3.21.0-20260915061224.tgz",
      "integrity": "sha512-froiKcI/b7ZhfqPTVDosU+zMcdRqB1pRJ3RgeWmg2D98PNpJFyoq0qJGYRP5fFDB24WCbaK/mWJE8KlhFj1bBw==",
      "cpu": [
        "arm64"
      ],
      "license": "MIT",
      "optional": true,
      "os": [
        "win32"
      ]
    },
    "node_modules/@taskless/vale-win32-x64": {
      "version": "3.21.0-20260915061224",
      "resolved": "https://registry.npmjs.org/@taskless/vale-win32-x64/-/vale-win32-x64-3.21.0-20260915061224.tgz",
      "integrity": "sha512-OH9jjZ46kS7D9Txri4vizOfc8+d6Rmxe/Howdt+fGEzJhyu/V+B2kUIQepOaRSPOL0AvFMhvYX7hu7/onAyuzw==",
      "cpu": [
        "x64"
      ],
      "license": "MIT",
      "optional": true,
      "os": [
        "win32"
      ]
    }
  }
}
